# THIS IS AN AUTOGENERATED FILE. DO NOT EDIT THIS FILE DIRECTLY.
# yarn lockfile v1


"@types/aws-lambda@8.10.23":
  version "8.10.23"
  resolved "https://registry.yarnpkg.com/@types/aws-lambda/-/aws-lambda-8.10.23.tgz#ab90be8ee3d8796b35df0acef5d17d71c8928d97"
  integrity sha512-erfexxfuc1+T7b4OswooKwpIjpdgEOVz6ZrDDWSR+3v7Kjhs4EVowfUkF9KuLKhpcjz+VVHQ/pWIl7zSVbKbFQ==

typescript@3.4.2:
  version "3.4.2"
  resolved "https://registry.yarnpkg.com/typescript/-/typescript-3.4.2.tgz#9ed4e6475d906f589200193be056f5913caed481"
  integrity sha512-Og2Vn6Mk7JAuWA1hQdDQN/Ekm/SchX80VzLhjKN9ETYrIepBFAd8PkOdOTK2nKt0FCkmMZKBJvQ1dV1gIxPu/A==
