# THIS IS AN AUTOGENERATED FILE. DO NOT EDIT THIS FILE DIRECTLY.
# yarn lockfile v1


"@types/aws-lambda@8.10.24":
  version "8.10.24"
  resolved "https://registry.yarnpkg.com/@types/aws-lambda/-/aws-lambda-8.10.24.tgz#89a20cd91957322e26dbfea7f651b970460c8c0c"
  integrity sha512-9F70bcb2oBGZUZCyisE1Ap3vwgt04uiSmr4s9mhQf89vBrttgraBs2Rc8l9YrKiemCndCH7wxnYNWk5qEuv6rA==

"@types/node@*":
  version "11.13.0"
  resolved "https://registry.yarnpkg.com/@types/node/-/node-11.13.0.tgz#b0df8d6ef9b5001b2be3a94d909ce3c29a80f9e1"
  integrity sha512-rx29MMkRdVmzunmiA4lzBYJNnXsW/PhG4kMBy2ATsYaDjGGR75dCFEVVROKpNwlVdcUX3xxlghKQOeDPBJobng==

"@types/sharp@0.22.1":
  version "0.22.1"
  resolved "https://registry.yarnpkg.com/@types/sharp/-/sharp-0.22.1.tgz#4fccaa9cc580d859916bee693aa7ae7447d0e0ba"
  integrity sha512-Reri4hhX77JBx6HWt2a2CLO0xjHMFHDaeBYMslUsTSHGRFQnk+VpoH25g7/L6QzyyNNmxTekK+j+lFFjK3OkqA==
  dependencies:
    "@types/node" "*"

typescript@3.4.4:
  version "3.4.4"
  resolved "https://registry.yarnpkg.com/typescript/-/typescript-3.4.4.tgz#aac4a08abecab8091a75f10842ffa0631818f785"
  integrity sha512-xt5RsIRCEaf6+j9AyOBgvVuAec0i92rgCaS3S+UVf5Z/vF2Hvtsw08wtUTJqp4djwznoAgjSxeCcU4r+CcDBJA==
