# THIS IS AN AUTOGENERATED FILE. DO NOT EDIT THIS FILE DIRECTLY.
# yarn lockfile v1


"@types/aws-lambda@8.10.23":
  version "8.10.23"
  resolved "https://registry.yarnpkg.com/@types/aws-lambda/-/aws-lambda-8.10.23.tgz#ab90be8ee3d8796b35df0acef5d17d71c8928d97"
  integrity sha512-erfexxfuc1+T7b4OswooKwpIjpdgEOVz6ZrDDWSR+3v7Kjhs4EVowfUkF9KuLKhpcjz+VVHQ/pWIl7zSVbKbFQ==

"@types/node@*":
  version "11.13.0"
  resolved "https://registry.yarnpkg.com/@types/node/-/node-11.13.0.tgz#b0df8d6ef9b5001b2be3a94d909ce3c29a80f9e1"
  integrity sha512-rx29MMkRdVmzunmiA4lzBYJNnXsW/PhG4kMBy2ATsYaDjGGR75dCFEVVROKpNwlVdcUX3xxlghKQOeDPBJobng==

"@types/sharp@0.22.1":
  version "0.22.1"
  resolved "https://registry.yarnpkg.com/@types/sharp/-/sharp-0.22.1.tgz#4fccaa9cc580d859916bee693aa7ae7447d0e0ba"
  integrity sha512-Reri4hhX77JBx6HWt2a2CLO0xjHMFHDaeBYMslUsTSHGRFQnk+VpoH25g7/L6QzyyNNmxTekK+j+lFFjK3OkqA==
  dependencies:
    "@types/node" "*"

typescript@3.4.2:
  version "3.4.2"
  resolved "https://registry.yarnpkg.com/typescript/-/typescript-3.4.2.tgz#9ed4e6475d906f589200193be056f5913caed481"
  integrity sha512-Og2Vn6Mk7JAuWA1hQdDQN/Ekm/SchX80VzLhjKN9ETYrIepBFAd8PkOdOTK2nKt0FCkmMZKBJvQ1dV1gIxPu/A==
