# THIS IS AN AUTOGENERATED FILE. DO NOT EDIT THIS FILE DIRECTLY.
# yarn lockfile v1


"@types/aws-lambda@8.10.24":
  version "8.10.24"
  resolved "https://registry.yarnpkg.com/@types/aws-lambda/-/aws-lambda-8.10.24.tgz#89a20cd91957322e26dbfea7f651b970460c8c0c"
  integrity sha512-9F70bcb2oBGZUZCyisE1Ap3vwgt04uiSmr4s9mhQf89vBrttgraBs2Rc8l9YrKiemCndCH7wxnYNWk5qEuv6rA==

querystring@0.2.0:
  version "0.2.0"
  resolved "https://registry.yarnpkg.com/querystring/-/querystring-0.2.0.tgz#b209849203bb25df820da756e747005878521620"
  integrity sha1-sgmEkgO7Jd+CDadW50cAWHhSFiA=

typescript@3.4.5:
  version "3.4.5"
  resolved "https://registry.yarnpkg.com/typescript/-/typescript-3.4.5.tgz#2d2618d10bb566572b8d7aad5180d84257d70a99"
  integrity sha512-YycBxUb49UUhdNMU5aJ7z5Ej2XGmaIBL0x34vZ82fn3hGvD+bgrMrVDpatgz2f7YxUMJxMkbWxJZeAvDxVe7Vw==
